// !$*UTF8*$!
{
	archiveVersion = 1;
	classes = {
	};
	objectVersion = 50;
	objects = {

/* Begin PBXBuildFile section */
		C930A1C920C3BA1700E9789B /* AppDelegate.m in Sources */ = {isa = PBXBuildFile; fileRef = C930A1C820C3BA1700E9789B /* AppDelegate.m */; };
		C930A1CC20C3BA1700E9789B /* ViewController.m in Sources */ = {isa = PBXBuildFile; fileRef = C930A1CB20C3BA1700E9789B /* ViewController.m */; };
		C930A1CF20C3BA1700E9789B /* Main.storyboard in Resources */ = {isa = PBXBuildFile; fileRef = C930A1CD20C3BA1700E9789B /* Main.storyboard */; };
		C930A1D120C3BA1800E9789B /* Assets.xcassets in Resources */ = {isa = PBXBuildFile; fileRef = C930A1D020C3BA1800E9789B /* Assets.xcassets */; };
		C930A1D420C3BA1800E9789B /* LaunchScreen.storyboard in Resources */ = {isa = PBXBuildFile; fileRef = C930A1D220C3BA1800E9789B /* LaunchScreen.storyboard */; };
		C930A1D720C3BA1800E9789B /* main.m in Sources */ = {isa = PBXBuildFile; fileRef = C930A1D620C3BA1800E9789B /* main.m */; };
		C930A1DF20C3BC5100E9789B /* UICollectionViewCarouselLayout.m in Sources */ = {isa = PBXBuildFile; fileRef = C930A1DE20C3BC5100E9789B /* UICollectionViewCarouselLayout.m */; };
/* End PBXBuildFile section */

/* Begin PBXFileReference section */
		C930A1C420C3BA1700E9789B /* UICollectionViewLayoutDemo.app */ = {isa = PBXFileReference; explicitFileType = wrapper.application; includeInIndex = 0; path = UICollectionViewLayoutDemo.app; sourceTree = BUILT_PRODUCTS_DIR; };
		C930A1C720C3BA1700E9789B /* AppDelegate.h */ = {isa = PBXFileReference; lastKnownFileType = sourcecode.c.h; path = AppDelegate.h; sourceTree = "<group>"; };
		C930A1C820C3BA1700E9789B /* AppDelegate.m */ = {isa = PBXFileReference; lastKnownFileType = sourcecode.c.objc; path = AppDelegate.m; sourceTree = "<group>"; };
		C930A1CA20C3BA1700E9789B /* ViewController.h */ = {isa = PBXFileReference; lastKnownFileType = sourcecode.c.h; path = ViewController.h; sourceTree = "<group>"; };
		C930A1CB20C3BA1700E9789B /* ViewController.m */ = {isa = PBXFileReference; lastKnownFileType = sourcecode.c.objc; path = ViewController.m; sourceTree = "<group>"; };
		C930A1CE20C3BA1700E9789B /* Base */ = {isa = PBXFileReference; lastKnownFileType = file.storyboard; name = Base; path = Base.lproj/Main.storyboard; sourceTree = "<group>"; };
		C930A1D020C3BA1800E9789B /* Assets.xcassets */ = {isa = PBXFileReference; lastKnownFileType = folder.assetcatalog; path = Assets.xcassets; sourceTree = "<group>"; };
		C930A1D320C3BA1800E9789B /* Base */ = {isa = PBXFileReference; lastKnownFileType = file.storyboard; name = Base; path = Base.lproj/LaunchScreen.storyboard; sourceTree = "<group>"; };
		C930A1D520C3BA1800E9789B /* Info.plist */ = {isa = PBXFileReference; lastKnownFileType = text.plist.xml; path = Info.plist; sourceTree = "<group>"; };
		C930A1D620C3BA1800E9789B /* main.m */ = {isa = PBXFileReference; lastKnownFileType = sourcecode.c.objc; path = main.m; sourceTree = "<group>"; };
		C930A1DD20C3BC5100E9789B /* UICollectionViewCarouselLayout.h */ = {isa = PBXFileReference; lastKnownFileType = sourcecode.c.h; path = UICollectionViewCarouselLayout.h; sourceTree = "<group>"; };
		C930A1DE20C3BC5100E9789B /* UICollectionViewCarouselLayout.m */ = {isa = PBXFileReference; lastKnownFileType = sourcecode.c.objc; path = UICollectionViewCarouselLayout.m; sourceTree = "<group>"; };
/* End PBXFileReference section */

/* Begin PBXFrameworksBuildPhase section */
		C930A1C120C3BA1600E9789B /* Frameworks */ = {
			isa = PBXFrameworksBuildPhase;
			buildActionMask = 2147483647;
			files = (
			);
			runOnlyForDeploymentPostprocessing = 0;
		};
/* End PBXFrameworksBuildPhase section */

/* Begin PBXGroup section */
		C930A1BB20C3BA1600E9789B = {
			isa = PBXGroup;
			children = (
				C930A1C620C3BA1700E9789B /* UICollectionViewLayoutDemo */,
				C930A1C520C3BA1700E9789B /* Products */,
			);
			sourceTree = "<group>";
		};
		C930A1C520C3BA1700E9789B /* Products */ = {
			isa = PBXGroup;
			children = (
				C930A1C420C3BA1700E9789B /* UICollectionViewLayoutDemo.app */,
			);
			name = Products;
			sourceTree = "<group>";
		};
		C930A1C620C3BA1700E9789B /* UICollectionViewLayoutDemo */ = {
			isa = PBXGroup;
			children = (
				C930A1C720C3BA1700E9789B /* AppDelegate.h */,
				C930A1C820C3BA1700E9789B /* AppDelegate.m */,
				C930A1CA20C3BA1700E9789B /* ViewController.h */,
				C930A1CB20C3BA1700E9789B /* ViewController.m */,
				C930A1DD20C3BC5100E9789B /* UICollectionViewCarouselLayout.h */,
				C930A1DE20C3BC5100E9789B /* UICollectionViewCarouselLayout.m */,
				C930A1CD20C3BA1700E9789B /* Main.storyboard */,
				C930A1D020C3BA1800E9789B /* Assets.xcassets */,
				C930A1D220C3BA1800E9789B /* LaunchScreen.storyboard */,
				C930A1D520C3BA1800E9789B /* Info.plist */,
				C930A1D620C3BA1800E9789B /* main.m */,
			);
			path = UICollectionViewLayoutDemo;
			sourceTree = "<group>";
		};
/* End PBXGroup section */

/* Begin PBXNativeTarget section */
		C930A1C320C3BA1600E9789B /* UICollectionViewLayoutDemo */ = {
			isa = PBXNativeTarget;
			buildConfigurationList = C930A1DA20C3BA1800E9789B /* Build configuration list for PBXNativeTarget "UICollectionViewLayoutDemo" */;
			buildPhases = (
				C930A1C020C3BA1600E9789B /* Sources */,
				C930A1C120C3BA1600E9789B /* Frameworks */,
				C930A1C220C3BA1600E9789B /* Resources */,
			);
			buildRules = (
			);
			dependencies = (
			);
			name = UICollectionViewLayoutDemo;
			productName = UICollectionViewLayoutDemo;
			productReference = C930A1C420C3BA1700E9789B /* UICollectionViewLayoutDemo.app */;
			productType = "com.apple.product-type.application";
		};
/* End PBXNativeTarget section */

/* Begin PBXProject section */
		C930A1BC20C3BA1600E9789B /* Project object */ = {
			isa = PBXProject;
			attributes = {
				LastUpgradeCheck = 0930;
				ORGANIZATIONNAME = GodL;
				TargetAttributes = {
					C930A1C320C3BA1600E9789B = {
						CreatedOnToolsVersion = 9.3;
					};
				};
			};
			buildConfigurationList = C930A1BF20C3BA1600E9789B /* Build configuration list for PBXProject "UICollectionViewLayoutDemo" */;
			compatibilityVersion = "Xcode 9.3";
			developmentRegion = en;
			hasScannedForEncodings = 0;
			knownRegions = (
				en,
				Base,
			);
			mainGroup = C930A1BB20C3BA1600E9789B;
			productRefGroup = C930A1C520C3BA1700E9789B /* Products */;
			projectDirPath = "";
			projectRoot = "";
			targets = (
				C930A1C320C3BA1600E9789B /* UICollectionViewLayoutDemo */,
			);
		};
/* End PBXProject section */

/* Begin PBXResourcesBuildPhase section */
		C930A1C220C3BA1600E9789B /* Resources */ = {
			isa = PBXResourcesBuildPhase;
			buildActionMask = 2147483647;
			files = (
				C930A1D420C3BA1800E9789B /* LaunchScreen.storyboard in Resources */,
				C930A1D120C3BA1800E9789B /* Assets.xcassets in Resources */,
				C930A1CF20C3BA1700E9789B /* Main.storyboard in Resources */,
			);
			runOnlyForDeploymentPostprocessing = 0;
		};
/* End PBXResourcesBuildPhase section */

/* Begin PBXSourcesBuildPhase section */
		C930A1C020C3BA1600E9789B /* Sources */ = {
			isa = PBXSourcesBuildPhase;
			buildActionMask = 2147483647;
			files = (
				C930A1DF20C3BC5100E9789B /* UICollectionViewCarouselLayout.m in Sources */,
				C930A1CC20C3BA1700E9789B /* ViewController.m in Sources */,
				C930A1D720C3BA1800E9789B /* main.m in Sources */,
				C930A1C920C3BA1700E9789B /* AppDelegate.m in Sources */,
			);
			runOnlyForDeploymentPostprocessing = 0;
		};
/* End PBXSourcesBuildPhase section */

/* Begin PBXVariantGroup section */
		C930A1CD20C3BA1700E9789B /* Main.storyboard */ = {
			isa = PBXVariantGroup;
			children = (
				C930A1CE20C3BA1700E9789B /* Base */,
			);
			name = Main.storyboard;
			sourceTree = "<group>";
		};
		C930A1D220C3BA1800E9789B /* LaunchScreen.storyboard */ = {
			isa = PBXVariantGroup;
			children = (
				C930A1D320C3BA1800E9789B /* Base */,
			);
			name = LaunchScreen.storyboard;
			sourceTree = "<group>";
		};
/* End PBXVariantGroup section */

/* Begin XCBuildConfiguration section */
		C930A1D820C3BA1800E9789B /* Debug */ = {
			isa = XCBuildConfiguration;
			buildSettings = {
				ALWAYS_SEARCH_USER_PATHS = NO;
				CLANG_ANALYZER_NONNULL = YES;
				CLANG_ANALYZER_NUMBER_OBJECT_CONVERSION = YES_AGGRESSIVE;
				CLANG_CXX_LANGUAGE_STANDARD = "gnu++14";
				CLANG_CXX_LIBRARY = "libc++";
				CLANG_ENABLE_MODULES = YES;
				CLANG_ENABLE_OBJC_ARC = YES;
				CLANG_ENABLE_OBJC_WEAK = YES;
				CLANG_WARN_BLOCK_CAPTURE_AUTORELEASING = YES;
				CLANG_WARN_BOOL_CONVERSION = YES;
				CLANG_WARN_COMMA = YES;
				CLANG_WARN_CONSTANT_CONVERSION = YES;
				CLANG_WARN_DEPRECATED_OBJC_IMPLEMENTATIONS = YES;
				CLANG_WARN_DIRECT_OBJC_ISA_USAGE = YES_ERROR;
				CLANG_WARN_DOCUMENTATION_COMMENTS = YES;
				CLANG_WARN_EMPTY_BODY = YES;
				CLANG_WARN_ENUM_CONVERSION = YES;
				CLANG_WARN_INFINITE_RECURSION = YES;
				CLANG_WARN_INT_CONVERSION = YES;
				CLANG_WARN_NON_LITERAL_NULL_CONVERSION = YES;
				CLANG_WARN_OBJC_IMPLICIT_RETAIN_SELF = YES;
				CLANG_WARN_OBJC_LITERAL_CONVERSION = YES;
				CLANG_WARN_OBJC_ROOT_CLASS = YES_ERROR;
				CLANG_WARN_RANGE_LOOP_ANALYSIS = YES;
				CLANG_WARN_STRICT_PROTOTYPES = YES;
				CLANG_WARN_SUSPICIOUS_MOVE = YES;
				CLANG_WARN_UNGUARDED_AVAILABILITY = YES_AGGRESSIVE;
				CLANG_WARN_UNREACHABLE_CODE = YES;
				CLANG_WARN__DUPLICATE_METHOD_MATCH = YES;
				CODE_SIGN_IDENTITY = "iPhone Developer";
				COPY_PHASE_STRIP = NO;
				DEBUG_INFORMATION_FORMAT = dwarf;
				ENABLE_STRICT_OBJC_MSGSEND = YES;
				ENABLE_TESTABILITY = YES;
				GCC_C_LANGUAGE_STANDARD = gnu11;
				GCC_DYNAMIC_NO_PIC = NO;
				GCC_NO_COMMON_BLOCKS = YES;
				GCC_OPTIMIZATION_LEVEL = 0;
				GCC_PREPROCESSOR_DEFINITIONS = (
					"DEBUG=1",
					"$(inherited)",
				);
				GCC_WARN_64_TO_32_BIT_CONVERSION = YES;
				GCC_WARN_ABOUT_RETURN_TYPE = YES_ERROR;
				GCC_WARN_UNDECLARED_SELECTOR = YES;
				GCC_WARN_UNINITIALIZED_AUTOS = YES_AGGRESSIVE;
				GCC_WARN_UNUSED_FUNCTION = YES;
				GCC_WARN_UNUSED_VARIABLE = YES;
				IPHONEOS_DEPLOYMENT_TARGET = 11.3;
				MTL_ENABLE_DEBUG_INFO = YES;
				ONLY_ACTIVE_ARCH = YES;
				SDKROOT = iphoneos;
			};
			name = Debug;
		};
		C930A1D920C3BA1800E9789B /* Release */ = {
			isa = XCBuildConfiguration;
			buildSettings = {
				ALWAYS_SEARCH_USER_PATHS = NO;
				CLANG_ANALYZER_NONNULL = YES;
				CLANG_ANALYZER_NUMBER_OBJECT_CONVERSION = YES_AGGRESSIVE;
				CLANG_CXX_LANGUAGE_STANDARD = "gnu++14";
				CLANG_CXX_LIBRARY = "libc++";
				CLANG_ENABLE_MODULES = YES;
				CLANG_ENABLE_OBJC_ARC = YES;
				CLANG_ENABLE_OBJC_WEAK = YES;
				CLANG_WARN_BLOCK_CAPTURE_AUTORELEASING = YES;
				CLANG_WARN_BOOL_CONVERSION = YES;
				CLANG_WARN_COMMA = YES;
				CLANG_WARN_CONSTANT_CONVERSION = YES;
				CLANG_WARN_DEPRECATED_OBJC_IMPLEMENTATIONS = YES;
				CLANG_WARN_DIRECT_OBJC_ISA_USAGE = YES_ERROR;
				CLANG_WARN_DOCUMENTATION_COMMENTS = YES;
				CLANG_WARN_EMPTY_BODY = YES;
				CLANG_WARN_ENUM_CONVERSION = YES;
				CLANG_WARN_INFINITE_RECURSION = YES;
				CLANG_WARN_INT_CONVERSION = YES;
				CLANG_WARN_NON_LITERAL_NULL_CONVERSION = YES;
				CLANG_WARN_OBJC_IMPLICIT_RETAIN_SELF = YES;
				CLANG_WARN_OBJC_LITERAL_CONVERSION = YES;
				CLANG_WARN_OBJC_ROOT_CLASS = YES_ERROR;
				CLANG_WARN_RANGE_LOOP_ANALYSIS = YES;
				CLANG_WARN_STRICT_PROTOTYPES = YES;
				CLANG_WARN_SUSPICIOUS_MOVE = YES;
				CLANG_WARN_UNGUARDED_AVAILABILITY = YES_AGGRESSIVE;
				CLANG_WARN_UNREACHABLE_CODE = YES;
				CLANG_WARN__DUPLICATE_METHOD_MATCH = YES;
				CODE_SIGN_IDENTITY = "iPhone Developer";
				COPY_PHASE_STRIP = NO;
				DEBUG_INFORMATION_FORMAT = "dwarf-with-dsym";
				ENABLE_NS_ASSERTIONS = NO;
				ENABLE_STRICT_OBJC_MSGSEND = YES;
				GCC_C_LANGUAGE_STANDARD = gnu11;
				GCC_NO_COMMON_BLOCKS = YES;
				GCC_WARN_64_TO_32_BIT_CONVERSION = YES;
				GCC_WARN_ABOUT_RETURN_TYPE = YES_ERROR;
				GCC_WARN_UNDECLARED_SELECTOR = YES;
				GCC_WARN_UNINITIALIZED_AUTOS = YES_AGGRESSIVE;
				GCC_WARN_UNUSED_FUNCTION = YES;
				GCC_WARN_UNUSED_VARIABLE = YES;
				IPHONEOS_DEPLOYMENT_TARGET = 11.3;
				MTL_ENABLE_DEBUG_INFO = NO;
				SDKROOT = iphoneos;
				VALIDATE_PRODUCT = YES;
			};
			name = Release;
		};
		C930A1DB20C3BA1800E9789B /* Debug */ = {
			isa = XCBuildConfiguration;
			buildSettings = {
				ASSETCATALOG_COMPILER_APPICON_NAME = AppIcon;
				CODE_SIGN_STYLE = Automatic;
				DEVELOPMENT_TEAM = DHF573YC2L;
				INFOPLIST_FILE = UICollectionViewLayoutDemo/Info.plist;
				LD_RUNPATH_SEARCH_PATHS = (
					"$(inherited)",
					"@executable_path/Frameworks",
				);
				PRODUCT_BUNDLE_IDENTIFIER = com.GodL.UICollectionViewLayoutDemo;
				PRODUCT_NAME = "$(TARGET_NAME)";
				TARGETED_DEVICE_FAMILY = "1,2";
			};
			name = Debug;
		};
		C930A1DC20C3BA1800E9789B /* Release */ = {
			isa = XCBuildConfiguration;
			buildSettings = {
				ASSETCATALOG_COMPILER_APPICON_NAME = AppIcon;
				CODE_SIGN_STYLE = Automatic;
				DEVELOPMENT_TEAM = DHF573YC2L;
				INFOPLIST_FILE = UICollectionViewLayoutDemo/Info.plist;
				LD_RUNPATH_SEARCH_PATHS = (
					"$(inherited)",
					"@executable_path/Frameworks",
				);
				PRODUCT_BUNDLE_IDENTIFIER = com.GodL.UICollectionViewLayoutDemo;
				PRODUCT_NAME = "$(TARGET_NAME)";
				TARGETED_DEVICE_FAMILY = "1,2";
			};
			name = Release;
		};
/* End XCBuildConfiguration section */

/* Begin XCConfigurationList section */
		C930A1BF20C3BA1600E9789B /* Build configuration list for PBXProject "UICollectionViewLayoutDemo" */ = {
			isa = XCConfigurationList;
			buildConfigurations = (
				C930A1D820C3BA1800E9789B /* Debug */,
				C930A1D920C3BA1800E9789B /* Release */,
			);
			defaultConfigurationIsVisible = 0;
			defaultConfigurationName = Release;
		};
		C930A1DA20C3BA1800E9789B /* Build configuration list for PBXNativeTarget "UICollectionViewLayoutDemo" */ = {
			isa = XCConfigurationList;
			buildConfigurations = (
				C930A1DB20C3BA1800E9789B /* Debug */,
				C930A1DC20C3BA1800E9789B /* Release */,
			);
			defaultConfigurationIsVisible = 0;
			defaultConfigurationName = Release;
		};
/* End XCConfigurationList section */
	};
	rootObject = C930A1BC20C3BA1600E9789B /* Project object */;
}
